// !$*UTF8*$!
{
	archiveVersion = 1;
	classes = {
	};
	objectVersion = 50;
	objects = {

/* Begin PBXBuildFile section */
		85930E5421297739009B5EA8 /* SecondViewController.m in Sources */ = {isa = PBXBuildFile; fileRef = 85930E5321297739009B5EA8 /* SecondViewController.m */; };
		85930E5721297753009B5EA8 /* TransitionDelegate.m in Sources */ = {isa = PBXBuildFile; fileRef = 85930E5621297753009B5EA8 /* TransitionDelegate.m */; };
		85930E5A2129775C009B5EA8 /* AnimatorOne.m in Sources */ = {isa = PBXBuildFile; fileRef = 85930E592129775C009B5EA8 /* AnimatorOne.m */; };
		85930E5D21297BD7009B5EA8 /* PresentationController.m in Sources */ = {isa = PBXBuildFile; fileRef = 85930E5C21297BD7009B5EA8 /* PresentationController.m */; };
		85AC7C9621281B5100BF2820 /* AppDelegate.m in Sources */ = {isa = PBXBuildFile; fileRef = 85AC7C9521281B5100BF2820 /* AppDelegate.m */; };
		85AC7C9921281B5100BF2820 /* ViewController.m in Sources */ = {isa = PBXBuildFile; fileRef = 85AC7C9821281B5100BF2820 /* ViewController.m */; };
		85AC7C9C21281B5100BF2820 /* Main.storyboard in Resources */ = {isa = PBXBuildFile; fileRef = 85AC7C9A21281B5100BF2820 /* Main.storyboard */; };
		85AC7C9E21281B5200BF2820 /* Assets.xcassets in Resources */ = {isa = PBXBuildFile; fileRef = 85AC7C9D21281B5200BF2820 /* Assets.xcassets */; };
		85AC7CA121281B5200BF2820 /* LaunchScreen.storyboard in Resources */ = {isa = PBXBuildFile; fileRef = 85AC7C9F21281B5200BF2820 /* LaunchScreen.storyboard */; };
		85AC7CA421281B5200BF2820 /* main.m in Sources */ = {isa = PBXBuildFile; fileRef = 85AC7CA321281B5200BF2820 /* main.m */; };
		85AC7CAE21281B5200BF2820 /* TransitionTests.m in Sources */ = {isa = PBXBuildFile; fileRef = 85AC7CAD21281B5200BF2820 /* TransitionTests.m */; };
		85AC7CB921281B5200BF2820 /* TransitionUITests.m in Sources */ = {isa = PBXBuildFile; fileRef = 85AC7CB821281B5200BF2820 /* TransitionUITests.m */; };
/* End PBXBuildFile section */

/* Begin PBXContainerItemProxy section */
		85AC7CAA21281B5200BF2820 /* PBXContainerItemProxy */ = {
			isa = PBXContainerItemProxy;
			containerPortal = 85AC7C8921281B5100BF2820 /* Project object */;
			proxyType = 1;
			remoteGlobalIDString = 85AC7C9021281B5100BF2820;
			remoteInfo = Transition;
		};
		85AC7CB521281B5200BF2820 /* PBXContainerItemProxy */ = {
			isa = PBXContainerItemProxy;
			containerPortal = 85AC7C8921281B5100BF2820 /* Project object */;
			proxyType = 1;
			remoteGlobalIDString = 85AC7C9021281B5100BF2820;
			remoteInfo = Transition;
		};
/* End PBXContainerItemProxy section */

/* Begin PBXFileReference section */
		85930E5221297739009B5EA8 /* SecondViewController.h */ = {isa = PBXFileReference; lastKnownFileType = sourcecode.c.h; path = SecondViewController.h; sourceTree = "<group>"; };
		85930E5321297739009B5EA8 /* SecondViewController.m */ = {isa = PBXFileReference; lastKnownFileType = sourcecode.c.objc; path = SecondViewController.m; sourceTree = "<group>"; };
		85930E5521297753009B5EA8 /* TransitionDelegate.h */ = {isa = PBXFileReference; lastKnownFileType = sourcecode.c.h; path = TransitionDelegate.h; sourceTree = "<group>"; };
		85930E5621297753009B5EA8 /* TransitionDelegate.m */ = {isa = PBXFileReference; lastKnownFileType = sourcecode.c.objc; path = TransitionDelegate.m; sourceTree = "<group>"; };
		85930E582129775C009B5EA8 /* AnimatorOne.h */ = {isa = PBXFileReference; lastKnownFileType = sourcecode.c.h; path = AnimatorOne.h; sourceTree = "<group>"; };
		85930E592129775C009B5EA8 /* AnimatorOne.m */ = {isa = PBXFileReference; lastKnownFileType = sourcecode.c.objc; path = AnimatorOne.m; sourceTree = "<group>"; };
		85930E5B21297BD7009B5EA8 /* PresentationController.h */ = {isa = PBXFileReference; lastKnownFileType = sourcecode.c.h; path = PresentationController.h; sourceTree = "<group>"; };
		85930E5C21297BD7009B5EA8 /* PresentationController.m */ = {isa = PBXFileReference; lastKnownFileType = sourcecode.c.objc; path = PresentationController.m; sourceTree = "<group>"; };
		85AC7C9121281B5100BF2820 /* Transition.app */ = {isa = PBXFileReference; explicitFileType = wrapper.application; includeInIndex = 0; path = Transition.app; sourceTree = BUILT_PRODUCTS_DIR; };
		85AC7C9421281B5100BF2820 /* AppDelegate.h */ = {isa = PBXFileReference; lastKnownFileType = sourcecode.c.h; path = AppDelegate.h; sourceTree = "<group>"; };
		85AC7C9521281B5100BF2820 /* AppDelegate.m */ = {isa = PBXFileReference; lastKnownFileType = sourcecode.c.objc; path = AppDelegate.m; sourceTree = "<group>"; };
		85AC7C9721281B5100BF2820 /* ViewController.h */ = {isa = PBXFileReference; lastKnownFileType = sourcecode.c.h; path = ViewController.h; sourceTree = "<group>"; };
		85AC7C9821281B5100BF2820 /* ViewController.m */ = {isa = PBXFileReference; lastKnownFileType = sourcecode.c.objc; path = ViewController.m; sourceTree = "<group>"; };
		85AC7C9B21281B5100BF2820 /* Base */ = {isa = PBXFileReference; lastKnownFileType = file.storyboard; name = Base; path = Base.lproj/Main.storyboard; sourceTree = "<group>"; };
		85AC7C9D21281B5200BF2820 /* Assets.xcassets */ = {isa = PBXFileReference; lastKnownFileType = folder.assetcatalog; path = Assets.xcassets; sourceTree = "<group>"; };
		85AC7CA021281B5200BF2820 /* Base */ = {isa = PBXFileReference; lastKnownFileType = file.storyboard; name = Base; path = Base.lproj/LaunchScreen.storyboard; sourceTree = "<group>"; };
		85AC7CA221281B5200BF2820 /* Info.plist */ = {isa = PBXFileReference; lastKnownFileType = text.plist.xml; path = Info.plist; sourceTree = "<group>"; };
		85AC7CA321281B5200BF2820 /* main.m */ = {isa = PBXFileReference; lastKnownFileType = sourcecode.c.objc; path = main.m; sourceTree = "<group>"; };
		85AC7CA921281B5200BF2820 /* TransitionTests.xctest */ = {isa = PBXFileReference; explicitFileType = wrapper.cfbundle; includeInIndex = 0; path = TransitionTests.xctest; sourceTree = BUILT_PRODUCTS_DIR; };
		85AC7CAD21281B5200BF2820 /* TransitionTests.m */ = {isa = PBXFileReference; lastKnownFileType = sourcecode.c.objc; path = TransitionTests.m; sourceTree = "<group>"; };
		85AC7CAF21281B5200BF2820 /* Info.plist */ = {isa = PBXFileReference; lastKnownFileType = text.plist.xml; path = Info.plist; sourceTree = "<group>"; };
		85AC7CB421281B5200BF2820 /* TransitionUITests.xctest */ = {isa = PBXFileReference; explicitFileType = wrapper.cfbundle; includeInIndex = 0; path = TransitionUITests.xctest; sourceTree = BUILT_PRODUCTS_DIR; };
		85AC7CB821281B5200BF2820 /* TransitionUITests.m */ = {isa = PBXFileReference; lastKnownFileType = sourcecode.c.objc; path = TransitionUITests.m; sourceTree = "<group>"; };
		85AC7CBA21281B5200BF2820 /* Info.plist */ = {isa = PBXFileReference; lastKnownFileType = text.plist.xml; path = Info.plist; sourceTree = "<group>"; };
/* End PBXFileReference section */

/* Begin PBXFrameworksBuildPhase section */
		85AC7C8E21281B5100BF2820 /* Frameworks */ = {
			isa = PBXFrameworksBuildPhase;
			buildActionMask = 2147483647;
			files = (
			);
			runOnlyForDeploymentPostprocessing = 0;
		};
		85AC7CA621281B5200BF2820 /* Frameworks */ = {
			isa = PBXFrameworksBuildPhase;
			buildActionMask = 2147483647;
			files = (
			);
			runOnlyForDeploymentPostprocessing = 0;
		};
		85AC7CB121281B5200BF2820 /* Frameworks */ = {
			isa = PBXFrameworksBuildPhase;
			buildActionMask = 2147483647;
			files = (
			);
			runOnlyForDeploymentPostprocessing = 0;
		};
/* End PBXFrameworksBuildPhase section */

/* Begin PBXGroup section */
		85AC7C8821281B5100BF2820 = {
			isa = PBXGroup;
			children = (
				85AC7C9321281B5100BF2820 /* Transition */,
				85AC7CAC21281B5200BF2820 /* TransitionTests */,
				85AC7CB721281B5200BF2820 /* TransitionUITests */,
				85AC7C9221281B5100BF2820 /* Products */,
			);
			sourceTree = "<group>";
		};
		85AC7C9221281B5100BF2820 /* Products */ = {
			isa = PBXGroup;
			children = (
				85AC7C9121281B5100BF2820 /* Transition.app */,
				85AC7CA921281B5200BF2820 /* TransitionTests.xctest */,
				85AC7CB421281B5200BF2820 /* TransitionUITests.xctest */,
			);
			name = Products;
			sourceTree = "<group>";
		};
		85AC7C9321281B5100BF2820 /* Transition */ = {
			isa = PBXGroup;
			children = (
				85AC7C9421281B5100BF2820 /* AppDelegate.h */,
				85AC7C9521281B5100BF2820 /* AppDelegate.m */,
				85AC7C9721281B5100BF2820 /* ViewController.h */,
				85AC7C9821281B5100BF2820 /* ViewController.m */,
				85930E5221297739009B5EA8 /* SecondViewController.h */,
				85930E5321297739009B5EA8 /* SecondViewController.m */,
				85930E5521297753009B5EA8 /* TransitionDelegate.h */,
				85930E5621297753009B5EA8 /* TransitionDelegate.m */,
				85930E5B21297BD7009B5EA8 /* PresentationController.h */,
				85930E5C21297BD7009B5EA8 /* PresentationController.m */,
				85930E582129775C009B5EA8 /* AnimatorOne.h */,
				85930E592129775C009B5EA8 /* AnimatorOne.m */,
				85AC7C9A21281B5100BF2820 /* Main.storyboard */,
				85AC7C9D21281B5200BF2820 /* Assets.xcassets */,
				85AC7C9F21281B5200BF2820 /* LaunchScreen.storyboard */,
				85AC7CA221281B5200BF2820 /* Info.plist */,
				85AC7CA321281B5200BF2820 /* main.m */,
			);
			path = Transition;
			sourceTree = "<group>";
		};
		85AC7CAC21281B5200BF2820 /* TransitionTests */ = {
			isa = PBXGroup;
			children = (
				85AC7CAD21281B5200BF2820 /* TransitionTests.m */,
				85AC7CAF21281B5200BF2820 /* Info.plist */,
			);
			path = TransitionTests;
			sourceTree = "<group>";
		};
		85AC7CB721281B5200BF2820 /* TransitionUITests */ = {
			isa = PBXGroup;
			children = (
				85AC7CB821281B5200BF2820 /* TransitionUITests.m */,
				85AC7CBA21281B5200BF2820 /* Info.plist */,
			);
			path = TransitionUITests;
			sourceTree = "<group>";
		};
/* End PBXGroup section */

/* Begin PBXNativeTarget section */
		85AC7C9021281B5100BF2820 /* Transition */ = {
			isa = PBXNativeTarget;
			buildConfigurationList = 85AC7CBD21281B5200BF2820 /* Build configuration list for PBXNativeTarget "Transition" */;
			buildPhases = (
				85AC7C8D21281B5100BF2820 /* Sources */,
				85AC7C8E21281B5100BF2820 /* Frameworks */,
				85AC7C8F21281B5100BF2820 /* Resources */,
			);
			buildRules = (
			);
			dependencies = (
			);
			name = Transition;
			productName = Transition;
			productReference = 85AC7C9121281B5100BF2820 /* Transition.app */;
			productType = "com.apple.product-type.application";
		};
		85AC7CA821281B5200BF2820 /* TransitionTests */ = {
			isa = PBXNativeTarget;
			buildConfigurationList = 85AC7CC021281B5200BF2820 /* Build configuration list for PBXNativeTarget "TransitionTests" */;
			buildPhases = (
				85AC7CA521281B5200BF2820 /* Sources */,
				85AC7CA621281B5200BF2820 /* Frameworks */,
				85AC7CA721281B5200BF2820 /* Resources */,
			);
			buildRules = (
			);
			dependencies = (
				85AC7CAB21281B5200BF2820 /* PBXTargetDependency */,
			);
			name = TransitionTests;
			productName = TransitionTests;
			productReference = 85AC7CA921281B5200BF2820 /* TransitionTests.xctest */;
			productType = "com.apple.product-type.bundle.unit-test";
		};
		85AC7CB321281B5200BF2820 /* TransitionUITests */ = {
			isa = PBXNativeTarget;
			buildConfigurationList = 85AC7CC321281B5200BF2820 /* Build configuration list for PBXNativeTarget "TransitionUITests" */;
			buildPhases = (
				85AC7CB021281B5200BF2820 /* Sources */,
				85AC7CB121281B5200BF2820 /* Frameworks */,
				85AC7CB221281B5200BF2820 /* Resources */,
			);
			buildRules = (
			);
			dependencies = (
				85AC7CB621281B5200BF2820 /* PBXTargetDependency */,
			);
			name = TransitionUITests;
			productName = TransitionUITests;
			productReference = 85AC7CB421281B5200BF2820 /* TransitionUITests.xctest */;
			productType = "com.apple.product-type.bundle.ui-testing";
		};
/* End PBXNativeTarget section */

/* Begin PBXProject section */
		85AC7C8921281B5100BF2820 /* Project object */ = {
			isa = PBXProject;
			attributes = {
				LastUpgradeCheck = 0940;
				ORGANIZATIONNAME = nenseso;
				TargetAttributes = {
					85AC7C9021281B5100BF2820 = {
						CreatedOnToolsVersion = 9.4.1;
					};
					85AC7CA821281B5200BF2820 = {
						CreatedOnToolsVersion = 9.4.1;
						TestTargetID = 85AC7C9021281B5100BF2820;
					};
					85AC7CB321281B5200BF2820 = {
						CreatedOnToolsVersion = 9.4.1;
						TestTargetID = 85AC7C9021281B5100BF2820;
					};
				};
			};
			buildConfigurationList = 85AC7C8C21281B5100BF2820 /* Build configuration list for PBXProject "Transition" */;
			compatibilityVersion = "Xcode 9.3";
			developmentRegion = en;
			hasScannedForEncodings = 0;
			knownRegions = (
				en,
				Base,
			);
			mainGroup = 85AC7C8821281B5100BF2820;
			productRefGroup = 85AC7C9221281B5100BF2820 /* Products */;
			projectDirPath = "";
			projectRoot = "";
			targets = (
				85AC7C9021281B5100BF2820 /* Transition */,
				85AC7CA821281B5200BF2820 /* TransitionTests */,
				85AC7CB321281B5200BF2820 /* TransitionUITests */,
			);
		};
/* End PBXProject section */

/* Begin PBXResourcesBuildPhase section */
		85AC7C8F21281B5100BF2820 /* Resources */ = {
			isa = PBXResourcesBuildPhase;
			buildActionMask = 2147483647;
			files = (
				85AC7CA121281B5200BF2820 /* LaunchScreen.storyboard in Resources */,
				85AC7C9E21281B5200BF2820 /* Assets.xcassets in Resources */,
				85AC7C9C21281B5100BF2820 /* Main.storyboard in Resources */,
			);
			runOnlyForDeploymentPostprocessing = 0;
		};
		85AC7CA721281B5200BF2820 /* Resources */ = {
			isa = PBXResourcesBuildPhase;
			buildActionMask = 2147483647;
			files = (
			);
			runOnlyForDeploymentPostprocessing = 0;
		};
		85AC7CB221281B5200BF2820 /* Resources */ = {
			isa = PBXResourcesBuildPhase;
			buildActionMask = 2147483647;
			files = (
			);
			runOnlyForDeploymentPostprocessing = 0;
		};
/* End PBXResourcesBuildPhase section */

/* Begin PBXSourcesBuildPhase section */
		85AC7C8D21281B5100BF2820 /* Sources */ = {
			isa = PBXSourcesBuildPhase;
			buildActionMask = 2147483647;
			files = (
				85930E5421297739009B5EA8 /* SecondViewController.m in Sources */,
				85930E5D21297BD7009B5EA8 /* PresentationController.m in Sources */,
				85AC7C9921281B5100BF2820 /* ViewController.m in Sources */,
				85930E5721297753009B5EA8 /* TransitionDelegate.m in Sources */,
				85AC7CA421281B5200BF2820 /* main.m in Sources */,
				85AC7C9621281B5100BF2820 /* AppDelegate.m in Sources */,
				85930E5A2129775C009B5EA8 /* AnimatorOne.m in Sources */,
			);
			runOnlyForDeploymentPostprocessing = 0;
		};
		85AC7CA521281B5200BF2820 /* Sources */ = {
			isa = PBXSourcesBuildPhase;
			buildActionMask = 2147483647;
			files = (
				85AC7CAE21281B5200BF2820 /* TransitionTests.m in Sources */,
			);
			runOnlyForDeploymentPostprocessing = 0;
		};
		85AC7CB021281B5200BF2820 /* Sources */ = {
			isa = PBXSourcesBuildPhase;
			buildActionMask = 2147483647;
			files = (
				85AC7CB921281B5200BF2820 /* TransitionUITests.m in Sources */,
			);
			runOnlyForDeploymentPostprocessing = 0;
		};
/* End PBXSourcesBuildPhase section */

/* Begin PBXTargetDependency section */
		85AC7CAB21281B5200BF2820 /* PBXTargetDependency */ = {
			isa = PBXTargetDependency;
			target = 85AC7C9021281B5100BF2820 /* Transition */;
			targetProxy = 85AC7CAA21281B5200BF2820 /* PBXContainerItemProxy */;
		};
		85AC7CB621281B5200BF2820 /* PBXTargetDependency */ = {
			isa = PBXTargetDependency;
			target = 85AC7C9021281B5100BF2820 /* Transition */;
			targetProxy = 85AC7CB521281B5200BF2820 /* PBXContainerItemProxy */;
		};
/* End PBXTargetDependency section */

/* Begin PBXVariantGroup section */
		85AC7C9A21281B5100BF2820 /* Main.storyboard */ = {
			isa = PBXVariantGroup;
			children = (
				85AC7C9B21281B5100BF2820 /* Base */,
			);
			name = Main.storyboard;
			sourceTree = "<group>";
		};
		85AC7C9F21281B5200BF2820 /* LaunchScreen.storyboard */ = {
			isa = PBXVariantGroup;
			children = (
				85AC7CA021281B5200BF2820 /* Base */,
			);
			name = LaunchScreen.storyboard;
			sourceTree = "<group>";
		};
/* End PBXVariantGroup section */

/* Begin XCBuildConfiguration section */
		85AC7CBB21281B5200BF2820 /* Debug */ = {
			isa = XCBuildConfiguration;
			buildSettings = {
				ALWAYS_SEARCH_USER_PATHS = NO;
				CLANG_ANALYZER_NONNULL = YES;
				CLANG_ANALYZER_NUMBER_OBJECT_CONVERSION = YES_AGGRESSIVE;
				CLANG_CXX_LANGUAGE_STANDARD = "gnu++14";
				CLANG_CXX_LIBRARY = "libc++";
				CLANG_ENABLE_MODULES = YES;
				CLANG_ENABLE_OBJC_ARC = YES;
				CLANG_ENABLE_OBJC_WEAK = YES;
				CLANG_WARN_BLOCK_CAPTURE_AUTORELEASING = YES;
				CLANG_WARN_BOOL_CONVERSION = YES;
				CLANG_WARN_COMMA = YES;
				CLANG_WARN_CONSTANT_CONVERSION = YES;
				CLANG_WARN_DEPRECATED_OBJC_IMPLEMENTATIONS = YES;
				CLANG_WARN_DIRECT_OBJC_ISA_USAGE = YES_ERROR;
				CLANG_WARN_DOCUMENTATION_COMMENTS = YES;
				CLANG_WARN_EMPTY_BODY = YES;
				CLANG_WARN_ENUM_CONVERSION = YES;
				CLANG_WARN_INFINITE_RECURSION = YES;
				CLANG_WARN_INT_CONVERSION = YES;
				CLANG_WARN_NON_LITERAL_NULL_CONVERSION = YES;
				CLANG_WARN_OBJC_IMPLICIT_RETAIN_SELF = YES;
				CLANG_WARN_OBJC_LITERAL_CONVERSION = YES;
				CLANG_WARN_OBJC_ROOT_CLASS = YES_ERROR;
				CLANG_WARN_RANGE_LOOP_ANALYSIS = YES;
				CLANG_WARN_STRICT_PROTOTYPES = YES;
				CLANG_WARN_SUSPICIOUS_MOVE = YES;
				CLANG_WARN_UNGUARDED_AVAILABILITY = YES_AGGRESSIVE;
				CLANG_WARN_UNREACHABLE_CODE = YES;
				CLANG_WARN__DUPLICATE_METHOD_MATCH = YES;
				CODE_SIGN_IDENTITY = "iPhone Developer";
				COPY_PHASE_STRIP = NO;
				DEBUG_INFORMATION_FORMAT = dwarf;
				ENABLE_STRICT_OBJC_MSGSEND = YES;
				ENABLE_TESTABILITY = YES;
				GCC_C_LANGUAGE_STANDARD = gnu11;
				GCC_DYNAMIC_NO_PIC = NO;
				GCC_NO_COMMON_BLOCKS = YES;
				GCC_OPTIMIZATION_LEVEL = 0;
				GCC_PREPROCESSOR_DEFINITIONS = (
					"DEBUG=1",
					"$(inherited)",
				);
				GCC_WARN_64_TO_32_BIT_CONVERSION = YES;
				GCC_WARN_ABOUT_RETURN_TYPE = YES_ERROR;
				GCC_WARN_UNDECLARED_SELECTOR = YES;
				GCC_WARN_UNINITIALIZED_AUTOS = YES_AGGRESSIVE;
				GCC_WARN_UNUSED_FUNCTION = YES;
				GCC_WARN_UNUSED_VARIABLE = YES;
				IPHONEOS_DEPLOYMENT_TARGET = 11.4;
				MTL_ENABLE_DEBUG_INFO = YES;
				ONLY_ACTIVE_ARCH = YES;
				SDKROOT = iphoneos;
			};
			name = Debug;
		};
		85AC7CBC21281B5200BF2820 /* Release */ = {
			isa = XCBuildConfiguration;
			buildSettings = {
				ALWAYS_SEARCH_USER_PATHS = NO;
				CLANG_ANALYZER_NONNULL = YES;
				CLANG_ANALYZER_NUMBER_OBJECT_CONVERSION = YES_AGGRESSIVE;
				CLANG_CXX_LANGUAGE_STANDARD = "gnu++14";
				CLANG_CXX_LIBRARY = "libc++";
				CLANG_ENABLE_MODULES = YES;
				CLANG_ENABLE_OBJC_ARC = YES;
				CLANG_ENABLE_OBJC_WEAK = YES;
				CLANG_WARN_BLOCK_CAPTURE_AUTORELEASING = YES;
				CLANG_WARN_BOOL_CONVERSION = YES;
				CLANG_WARN_COMMA = YES;
				CLANG_WARN_CONSTANT_CONVERSION = YES;
				CLANG_WARN_DEPRECATED_OBJC_IMPLEMENTATIONS = YES;
				CLANG_WARN_DIRECT_OBJC_ISA_USAGE = YES_ERROR;
				CLANG_WARN_DOCUMENTATION_COMMENTS = YES;
				CLANG_WARN_EMPTY_BODY = YES;
				CLANG_WARN_ENUM_CONVERSION = YES;
				CLANG_WARN_INFINITE_RECURSION = YES;
				CLANG_WARN_INT_CONVERSION = YES;
				CLANG_WARN_NON_LITERAL_NULL_CONVERSION = YES;
				CLANG_WARN_OBJC_IMPLICIT_RETAIN_SELF = YES;
				CLANG_WARN_OBJC_LITERAL_CONVERSION = YES;
				CLANG_WARN_OBJC_ROOT_CLASS = YES_ERROR;
				CLANG_WARN_RANGE_LOOP_ANALYSIS = YES;
				CLANG_WARN_STRICT_PROTOTYPES = YES;
				CLANG_WARN_SUSPICIOUS_MOVE = YES;
				CLANG_WARN_UNGUARDED_AVAILABILITY = YES_AGGRESSIVE;
				CLANG_WARN_UNREACHABLE_CODE = YES;
				CLANG_WARN__DUPLICATE_METHOD_MATCH = YES;
				CODE_SIGN_IDENTITY = "iPhone Developer";
				COPY_PHASE_STRIP = NO;
				DEBUG_INFORMATION_FORMAT = "dwarf-with-dsym";
				ENABLE_NS_ASSERTIONS = NO;
				ENABLE_STRICT_OBJC_MSGSEND = YES;
				GCC_C_LANGUAGE_STANDARD = gnu11;
				GCC_NO_COMMON_BLOCKS = YES;
				GCC_WARN_64_TO_32_BIT_CONVERSION = YES;
				GCC_WARN_ABOUT_RETURN_TYPE = YES_ERROR;
				GCC_WARN_UNDECLARED_SELECTOR = YES;
				GCC_WARN_UNINITIALIZED_AUTOS = YES_AGGRESSIVE;
				GCC_WARN_UNUSED_FUNCTION = YES;
				GCC_WARN_UNUSED_VARIABLE = YES;
				IPHONEOS_DEPLOYMENT_TARGET = 11.4;
				MTL_ENABLE_DEBUG_INFO = NO;
				SDKROOT = iphoneos;
				VALIDATE_PRODUCT = YES;
			};
			name = Release;
		};
		85AC7CBE21281B5200BF2820 /* Debug */ = {
			isa = XCBuildConfiguration;
			buildSettings = {
				ASSETCATALOG_COMPILER_APPICON_NAME = AppIcon;
				CODE_SIGN_STYLE = Automatic;
				INFOPLIST_FILE = Transition/Info.plist;
				LD_RUNPATH_SEARCH_PATHS = (
					"$(inherited)",
					"@executable_path/Frameworks",
				);
				PRODUCT_BUNDLE_IDENTIFIER = "-.Transition";
				PRODUCT_NAME = "$(TARGET_NAME)";
				TARGETED_DEVICE_FAMILY = "1,2";
			};
			name = Debug;
		};
		85AC7CBF21281B5200BF2820 /* Release */ = {
			isa = XCBuildConfiguration;
			buildSettings = {
				ASSETCATALOG_COMPILER_APPICON_NAME = AppIcon;
				CODE_SIGN_STYLE = Automatic;
				INFOPLIST_FILE = Transition/Info.plist;
				LD_RUNPATH_SEARCH_PATHS = (
					"$(inherited)",
					"@executable_path/Frameworks",
				);
				PRODUCT_BUNDLE_IDENTIFIER = "-.Transition";
				PRODUCT_NAME = "$(TARGET_NAME)";
				TARGETED_DEVICE_FAMILY = "1,2";
			};
			name = Release;
		};
		85AC7CC121281B5200BF2820 /* Debug */ = {
			isa = XCBuildConfiguration;
			buildSettings = {
				BUNDLE_LOADER = "$(TEST_HOST)";
				CODE_SIGN_STYLE = Automatic;
				INFOPLIST_FILE = TransitionTests/Info.plist;
				LD_RUNPATH_SEARCH_PATHS = (
					"$(inherited)",
					"@executable_path/Frameworks",
					"@loader_path/Frameworks",
				);
				PRODUCT_BUNDLE_IDENTIFIER = "-.TransitionTests";
				PRODUCT_NAME = "$(TARGET_NAME)";
				TARGETED_DEVICE_FAMILY = "1,2";
				TEST_HOST = "$(BUILT_PRODUCTS_DIR)/Transition.app/Transition";
			};
			name = Debug;
		};
		85AC7CC221281B5200BF2820 /* Release */ = {
			isa = XCBuildConfiguration;
			buildSettings = {
				BUNDLE_LOADER = "$(TEST_HOST)";
				CODE_SIGN_STYLE = Automatic;
				INFOPLIST_FILE = TransitionTests/Info.plist;
				LD_RUNPATH_SEARCH_PATHS = (
					"$(inherited)",
					"@executable_path/Frameworks",
					"@loader_path/Frameworks",
				);
				PRODUCT_BUNDLE_IDENTIFIER = "-.TransitionTests";
				PRODUCT_NAME = "$(TARGET_NAME)";
				TARGETED_DEVICE_FAMILY = "1,2";
				TEST_HOST = "$(BUILT_PRODUCTS_DIR)/Transition.app/Transition";
			};
			name = Release;
		};
		85AC7CC421281B5200BF2820 /* Debug */ = {
			isa = XCBuildConfiguration;
			buildSettings = {
				CODE_SIGN_STYLE = Automatic;
				INFOPLIST_FILE = TransitionUITests/Info.plist;
				LD_RUNPATH_SEARCH_PATHS = (
					"$(inherited)",
					"@executable_path/Frameworks",
					"@loader_path/Frameworks",
				);
				PRODUCT_BUNDLE_IDENTIFIER = "-.TransitionUITests";
				PRODUCT_NAME = "$(TARGET_NAME)";
				TARGETED_DEVICE_FAMILY = "1,2";
				TEST_TARGET_NAME = Transition;
			};
			name = Debug;
		};
		85AC7CC521281B5200BF2820 /* Release */ = {
			isa = XCBuildConfiguration;
			buildSettings = {
				CODE_SIGN_STYLE = Automatic;
				INFOPLIST_FILE = TransitionUITests/Info.plist;
				LD_RUNPATH_SEARCH_PATHS = (
					"$(inherited)",
					"@executable_path/Frameworks",
					"@loader_path/Frameworks",
				);
				PRODUCT_BUNDLE_IDENTIFIER = "-.TransitionUITests";
				PRODUCT_NAME = "$(TARGET_NAME)";
				TARGETED_DEVICE_FAMILY = "1,2";
				TEST_TARGET_NAME = Transition;
			};
			name = Release;
		};
/* End XCBuildConfiguration section */

/* Begin XCConfigurationList section */
		85AC7C8C21281B5100BF2820 /* Build configuration list for PBXProject "Transition" */ = {
			isa = XCConfigurationList;
			buildConfigurations = (
				85AC7CBB21281B5200BF2820 /* Debug */,
				85AC7CBC21281B5200BF2820 /* Release */,
			);
			defaultConfigurationIsVisible = 0;
			defaultConfigurationName = Release;
		};
		85AC7CBD21281B5200BF2820 /* Build configuration list for PBXNativeTarget "Transition" */ = {
			isa = XCConfigurationList;
			buildConfigurations = (
				85AC7CBE21281B5200BF2820 /* Debug */,
				85AC7CBF21281B5200BF2820 /* Release */,
			);
			defaultConfigurationIsVisible = 0;
			defaultConfigurationName = Release;
		};
		85AC7CC021281B5200BF2820 /* Build configuration list for PBXNativeTarget "TransitionTests" */ = {
			isa = XCConfigurationList;
			buildConfigurations = (
				85AC7CC121281B5200BF2820 /* Debug */,
				85AC7CC221281B5200BF2820 /* Release */,
			);
			defaultConfigurationIsVisible = 0;
			defaultConfigurationName = Release;
		};
		85AC7CC321281B5200BF2820 /* Build configuration list for PBXNativeTarget "TransitionUITests" */ = {
			isa = XCConfigurationList;
			buildConfigurations = (
				85AC7CC421281B5200BF2820 /* Debug */,
				85AC7CC521281B5200BF2820 /* Release */,
			);
			defaultConfigurationIsVisible = 0;
			defaultConfigurationName = Release;
		};
/* End XCConfigurationList section */
	};
	rootObject = 85AC7C8921281B5100BF2820 /* Project object */;
}
